
Microsoft Visual Studio Solution File, Format Version 12.00
# Visual Studio 14
VisualStudioVersion = 14.0.25420.1
MinimumVisualStudioVersion = 10.0.40219.1
Project("{2150E333-8FDC-42A3-9474-1A3956D46DE8}") = "5. Infrastructure", "5. Infrastructure", "{39EC8EE6-225C-4236-B780-ECB8A76E9FD2}"
EndProject
Project("{FAE04EC0-301F-11D3-BF4B-00C04F79EFBC}") = "IMS.Infrastructure.Data", "IMS.Infrastructure.Data\IMS.Infrastructure.Data.csproj", "{B55AA68F-28F0-4578-9BCD-F7A241BBBA52}"
EndProject
Project("{2150E333-8FDC-42A3-9474-1A3956D46DE8}") = "4. Domain", "4. Domain", "{48CCE313-28DB-447B-BD6F-0F80D8A3ED54}"
EndProject
Project("{FAE04EC0-301F-11D3-BF4B-00C04F79EFBC}") = "IMS.Domain", "IMS.Domain\IMS.Domain.csproj", "{09618079-CBF8-4469-BF16-84E116D87DE7}"
EndProject
Project("{2150E333-8FDC-42A3-9474-1A3956D46DE8}") = "1. Presentation", "1. Presentation", "{AC6F4A3B-0CAC-4C69-AC38-EB71203854C5}"
EndProject
Project("{2150E333-8FDC-42A3-9474-1A3956D46DE8}") = "2. Distributed Service", "2. Distributed Service", "{BCCCDBDB-FCDD-4D39-9004-1AF75855DE61}"
EndProject
Project("{2150E333-8FDC-42A3-9474-1A3956D46DE8}") = "3. Application", "3. Application", "{2AD4DE64-4302-43BD-B2E6-100D4ABD1D02}"
EndProject
Project("{FAE04EC0-301F-11D3-BF4B-00C04F79EFBC}") = "IMS.API", "IMS.API\IMS.API.csproj", "{601B1893-7024-4344-8A66-BE0D39A7D8DA}"
EndProject
Project("{FAE04EC0-301F-11D3-BF4B-00C04F79EFBC}") = "IMS.Application", "IMS.Application\IMS.Application.csproj", "{B298A28C-3237-43BA-8F25-3D7ABF35E429}"
EndProject
Project("{FAE04EC0-301F-11D3-BF4B-00C04F79EFBC}") = "IMS.Infrastructure.IoC", "IMS.Infrastructure.IoC\IMS.Infrastructure.IoC.csproj", "{2C8D4C92-996A-48C2-A24C-DDDC9F594C16}"
EndProject
Project("{FAE04EC0-301F-11D3-BF4B-00C04F79EFBC}") = "IMS.Infrastructure.IoC.Contracts", "IMS.Infrastructure.IoC.Contracts\IMS.Infrastructure.IoC.Contracts.csproj", "{1805BF77-E6F0-4AB1-8972-83436BD4F75B}"
EndProject
Project("{FAE04EC0-301F-11D3-BF4B-00C04F79EFBC}") = "IMS.Infrastructure.Crosscutting.Core", "IMS.Infrastructure.Crosscutting.Core\IMS.Infrastructure.Crosscutting.Core.csproj", "{9C182039-ABEE-415D-922E-3B617C0E1E47}"
EndProject
Project("{FAE04EC0-301F-11D3-BF4B-00C04F79EFBC}") = "IMS.Web", "IMS.Web\IMS.Web.csproj", "{C3B23A8A-FF68-4A51-9B75-F77EDC9DE09B}"
EndProject
Project("{2150E333-8FDC-42A3-9474-1A3956D46DE8}") = "0. DataBase", "0. DataBase", "{85AB6D6D-2AFA-46C8-829E-CF0DADD49B73}"
EndProject
Project("{00D1A9C2-B5F0-4AF3-8072-F6C62B433612}") = "IMS.DatabaseBase", "IMS.DatabaseBase\IMS.DatabaseBase.sqlproj", "{4BF66434-3476-4A77-AF63-E71AF606C610}"
EndProject
Global
	GlobalSection(SolutionConfigurationPlatforms) = preSolution
		Debug|Any CPU = Debug|Any CPU
		Release|Any CPU = Release|Any CPU
	EndGlobalSection
	GlobalSection(ProjectConfigurationPlatforms) = postSolution
		{B55AA68F-28F0-4578-9BCD-F7A241BBBA52}.Debug|Any CPU.ActiveCfg = Debug|Any CPU
		{B55AA68F-28F0-4578-9BCD-F7A241BBBA52}.Debug|Any CPU.Build.0 = Debug|Any CPU
		{B55AA68F-28F0-4578-9BCD-F7A241BBBA52}.Release|Any CPU.ActiveCfg = Release|Any CPU
		{B55AA68F-28F0-4578-9BCD-F7A241BBBA52}.Release|Any CPU.Build.0 = Release|Any CPU
		{09618079-CBF8-4469-BF16-84E116D87DE7}.Debug|Any CPU.ActiveCfg = Debug|Any CPU
		{09618079-CBF8-4469-BF16-84E116D87DE7}.Debug|Any CPU.Build.0 = Debug|Any CPU
		{09618079-CBF8-4469-BF16-84E116D87DE7}.Release|Any CPU.ActiveCfg = Release|Any CPU
		{09618079-CBF8-4469-BF16-84E116D87DE7}.Release|Any CPU.Build.0 = Release|Any CPU
		{601B1893-7024-4344-8A66-BE0D39A7D8DA}.Debug|Any CPU.ActiveCfg = Debug|Any CPU
		{601B1893-7024-4344-8A66-BE0D39A7D8DA}.Debug|Any CPU.Build.0 = Debug|Any CPU
		{601B1893-7024-4344-8A66-BE0D39A7D8DA}.Release|Any CPU.ActiveCfg = Release|Any CPU
		{601B1893-7024-4344-8A66-BE0D39A7D8DA}.Release|Any CPU.Build.0 = Release|Any CPU
		{B298A28C-3237-43BA-8F25-3D7ABF35E429}.Debug|Any CPU.ActiveCfg = Debug|Any CPU
		{B298A28C-3237-43BA-8F25-3D7ABF35E429}.Debug|Any CPU.Build.0 = Debug|Any CPU
		{B298A28C-3237-43BA-8F25-3D7ABF35E429}.Release|Any CPU.ActiveCfg = Release|Any CPU
		{B298A28C-3237-43BA-8F25-3D7ABF35E429}.Release|Any CPU.Build.0 = Release|Any CPU
		{2C8D4C92-996A-48C2-A24C-DDDC9F594C16}.Debug|Any CPU.ActiveCfg = Debug|Any CPU
		{2C8D4C92-996A-48C2-A24C-DDDC9F594C16}.Debug|Any CPU.Build.0 = Debug|Any CPU
		{2C8D4C92-996A-48C2-A24C-DDDC9F594C16}.Release|Any CPU.ActiveCfg = Release|Any CPU
		{2C8D4C92-996A-48C2-A24C-DDDC9F594C16}.Release|Any CPU.Build.0 = Release|Any CPU
		{1805BF77-E6F0-4AB1-8972-83436BD4F75B}.Debug|Any CPU.ActiveCfg = Debug|Any CPU
		{1805BF77-E6F0-4AB1-8972-83436BD4F75B}.Debug|Any CPU.Build.0 = Debug|Any CPU
		{1805BF77-E6F0-4AB1-8972-83436BD4F75B}.Release|Any CPU.ActiveCfg = Release|Any CPU
		{1805BF77-E6F0-4AB1-8972-83436BD4F75B}.Release|Any CPU.Build.0 = Release|Any CPU
		{9C182039-ABEE-415D-922E-3B617C0E1E47}.Debug|Any CPU.ActiveCfg = Debug|Any CPU
		{9C182039-ABEE-415D-922E-3B617C0E1E47}.Debug|Any CPU.Build.0 = Debug|Any CPU
		{9C182039-ABEE-415D-922E-3B617C0E1E47}.Release|Any CPU.ActiveCfg = Release|Any CPU
		{9C182039-ABEE-415D-922E-3B617C0E1E47}.Release|Any CPU.Build.0 = Release|Any CPU
		{C3B23A8A-FF68-4A51-9B75-F77EDC9DE09B}.Debug|Any CPU.ActiveCfg = Debug|Any CPU
		{C3B23A8A-FF68-4A51-9B75-F77EDC9DE09B}.Debug|Any CPU.Build.0 = Debug|Any CPU
		{C3B23A8A-FF68-4A51-9B75-F77EDC9DE09B}.Release|Any CPU.ActiveCfg = Release|Any CPU
		{C3B23A8A-FF68-4A51-9B75-F77EDC9DE09B}.Release|Any CPU.Build.0 = Release|Any CPU
		{4BF66434-3476-4A77-AF63-E71AF606C610}.Debug|Any CPU.ActiveCfg = Debug|Any CPU
		{4BF66434-3476-4A77-AF63-E71AF606C610}.Debug|Any CPU.Build.0 = Debug|Any CPU
		{4BF66434-3476-4A77-AF63-E71AF606C610}.Debug|Any CPU.Deploy.0 = Debug|Any CPU
		{4BF66434-3476-4A77-AF63-E71AF606C610}.Release|Any CPU.ActiveCfg = Release|Any CPU
		{4BF66434-3476-4A77-AF63-E71AF606C610}.Release|Any CPU.Build.0 = Release|Any CPU
		{4BF66434-3476-4A77-AF63-E71AF606C610}.Release|Any CPU.Deploy.0 = Release|Any CPU
	EndGlobalSection
	GlobalSection(SolutionProperties) = preSolution
		HideSolutionNode = FALSE
	EndGlobalSection
	GlobalSection(NestedProjects) = preSolution
		{B55AA68F-28F0-4578-9BCD-F7A241BBBA52} = {39EC8EE6-225C-4236-B780-ECB8A76E9FD2}
		{09618079-CBF8-4469-BF16-84E116D87DE7} = {48CCE313-28DB-447B-BD6F-0F80D8A3ED54}
		{601B1893-7024-4344-8A66-BE0D39A7D8DA} = {BCCCDBDB-FCDD-4D39-9004-1AF75855DE61}
		{B298A28C-3237-43BA-8F25-3D7ABF35E429} = {2AD4DE64-4302-43BD-B2E6-100D4ABD1D02}
		{2C8D4C92-996A-48C2-A24C-DDDC9F594C16} = {39EC8EE6-225C-4236-B780-ECB8A76E9FD2}
		{1805BF77-E6F0-4AB1-8972-83436BD4F75B} = {39EC8EE6-225C-4236-B780-ECB8A76E9FD2}
		{9C182039-ABEE-415D-922E-3B617C0E1E47} = {39EC8EE6-225C-4236-B780-ECB8A76E9FD2}
		{C3B23A8A-FF68-4A51-9B75-F77EDC9DE09B} = {AC6F4A3B-0CAC-4C69-AC38-EB71203854C5}
		{4BF66434-3476-4A77-AF63-E71AF606C610} = {85AB6D6D-2AFA-46C8-829E-CF0DADD49B73}
	EndGlobalSection
EndGlobal
