
Microsoft Visual Studio Solution File, Format Version 12.00
# Visual Studio Version 16
VisualStudioVersion = 16.0.30517.126
MinimumVisualStudioVersion = 15.0.26124.0
Project("{9A19103F-16F7-4668-BE54-9A1E7A4F7556}") = "DataStructures", "DataStructures\DataStructures.csproj", "{74DA32B9-6A66-4C0F-A7DB-9AA16CBFD6FA}"
EndProject
Project("{FAE04EC0-301F-11D3-BF4B-00C04F79EFBC}") = "DataStructuresTest", "DataStructuresTest\DataStructuresTest.csproj", "{F2566388-6E7E-426C-89FB-88FC97EF0310}"
EndProject
Global
	GlobalSection(SolutionConfigurationPlatforms) = preSolution
		Debug|Any CPU = Debug|Any CPU
		Debug|x64 = Debug|x64
		Debug|x86 = Debug|x86
		Release|Any CPU = Release|Any CPU
		Release|x64 = Release|x64
		Release|x86 = Release|x86
	EndGlobalSection
	GlobalSection(ProjectConfigurationPlatforms) = postSolution
		{74DA32B9-6A66-4C0F-A7DB-9AA16CBFD6FA}.Debug|Any CPU.ActiveCfg = Debug|Any CPU
		{74DA32B9-6A66-4C0F-A7DB-9AA16CBFD6FA}.Debug|Any CPU.Build.0 = Debug|Any CPU
		{74DA32B9-6A66-4C0F-A7DB-9AA16CBFD6FA}.Debug|x64.ActiveCfg = Debug|Any CPU
		{74DA32B9-6A66-4C0F-A7DB-9AA16CBFD6FA}.Debug|x64.Build.0 = Debug|Any CPU
		{74DA32B9-6A66-4C0F-A7DB-9AA16CBFD6FA}.Debug|x86.ActiveCfg = Debug|Any CPU
		{74DA32B9-6A66-4C0F-A7DB-9AA16CBFD6FA}.Debug|x86.Build.0 = Debug|Any CPU
		{74DA32B9-6A66-4C0F-A7DB-9AA16CBFD6FA}.Release|Any CPU.ActiveCfg = Release|Any CPU
		{74DA32B9-6A66-4C0F-A7DB-9AA16CBFD6FA}.Release|Any CPU.Build.0 = Release|Any CPU
		{74DA32B9-6A66-4C0F-A7DB-9AA16CBFD6FA}.Release|x64.ActiveCfg = Release|Any CPU
		{74DA32B9-6A66-4C0F-A7DB-9AA16CBFD6FA}.Release|x64.Build.0 = Release|Any CPU
		{74DA32B9-6A66-4C0F-A7DB-9AA16CBFD6FA}.Release|x86.ActiveCfg = Release|Any CPU
		{74DA32B9-6A66-4C0F-A7DB-9AA16CBFD6FA}.Release|x86.Build.0 = Release|Any CPU
		{F2566388-6E7E-426C-89FB-88FC97EF0310}.Debug|Any CPU.ActiveCfg = Debug|Any CPU
		{F2566388-6E7E-426C-89FB-88FC97EF0310}.Debug|Any CPU.Build.0 = Debug|Any CPU
		{F2566388-6E7E-426C-89FB-88FC97EF0310}.Debug|x64.ActiveCfg = Debug|Any CPU
		{F2566388-6E7E-426C-89FB-88FC97EF0310}.Debug|x64.Build.0 = Debug|Any CPU
		{F2566388-6E7E-426C-89FB-88FC97EF0310}.Debug|x86.ActiveCfg = Debug|Any CPU
		{F2566388-6E7E-426C-89FB-88FC97EF0310}.Debug|x86.Build.0 = Debug|Any CPU
		{F2566388-6E7E-426C-89FB-88FC97EF0310}.Release|Any CPU.ActiveCfg = Release|Any CPU
		{F2566388-6E7E-426C-89FB-88FC97EF0310}.Release|Any CPU.Build.0 = Release|Any CPU
		{F2566388-6E7E-426C-89FB-88FC97EF0310}.Release|x64.ActiveCfg = Release|Any CPU
		{F2566388-6E7E-426C-89FB-88FC97EF0310}.Release|x64.Build.0 = Release|Any CPU
		{F2566388-6E7E-426C-89FB-88FC97EF0310}.Release|x86.ActiveCfg = Release|Any CPU
		{F2566388-6E7E-426C-89FB-88FC97EF0310}.Release|x86.Build.0 = Release|Any CPU
	EndGlobalSection
	GlobalSection(SolutionProperties) = preSolution
		HideSolutionNode = FALSE
	EndGlobalSection
	GlobalSection(ExtensibilityGlobals) = postSolution
		SolutionGuid = {969FF9C8-2234-424A-BE01-D19C3A1F16F4}
	EndGlobalSection
EndGlobal
